
Microsoft Visual Studio Solution File, Format Version 12.00
# Visual Studio Version 17
VisualStudioVersion = 17.13.35818.85
MinimumVisualStudioVersion = 10.0.40219.1
Project("{2150E333-8FDC-42A3-9474-1A3956D46DE8}") = "Services", "Services", "{02EA681E-C7D8-13C7-8484-4AC65E1B71E8}"
EndProject
Project("{2150E333-8FDC-42A3-9474-1A3956D46DE8}") = "Catalog", "Catalog", "{E99369E9-FB23-4B86-940C-1DF373FEB701}"
EndProject
Project("{9A19103F-16F7-4668-BE54-9A1E7A4F7556}") = "Catalog.API", "Services\Catalog\Catalog.API\Catalog.API.csproj", "{9D5D23C9-D198-499C-B830-F60105EB5295}"
EndProject
Project("{2150E333-8FDC-42A3-9474-1A3956D46DE8}") = "BuildingBlocks", "BuildingBlocks", "{AEE52B15-9605-4491-966D-13A6C248FBF4}"
EndProject
Project("{9A19103F-16F7-4668-BE54-9A1E7A4F7556}") = "BuildingBlocks", "BuildingBlocks\BuildingBlocks\BuildingBlocks.csproj", "{14B25C50-B325-4C89-B94D-A4BE2C342242}"
EndProject
Project("{E53339B2-1760-4266-BCC7-CA923CBCF16C}") = "docker-compose", "docker-compose.dcproj", "{81DDED9D-158B-E303-5F62-77A2896D2A5A}"
EndProject
Project("{2150E333-8FDC-42A3-9474-1A3956D46DE8}") = "Basket", "Basket", "{8396F8F0-A1D1-450D-962A-E670239C90B7}"
EndProject
Project("{9A19103F-16F7-4668-BE54-9A1E7A4F7556}") = "Basket.API", "Services\Basket\Basket.API\Basket.API.csproj", "{F8725532-D123-4A00-A9C8-536E6B674299}"
EndProject
Project("{2150E333-8FDC-42A3-9474-1A3956D46DE8}") = "DIscount", "DIscount", "{83F493E9-118F-488E-9C07-F62E495EF56B}"
EndProject
Project("{9A19103F-16F7-4668-BE54-9A1E7A4F7556}") = "Discount.Grpc", "Services\Discount\Discount.Grpc\Discount.Grpc.csproj", "{EA142567-CE35-4420-892A-416FA8FC6756}"
EndProject
Project("{2150E333-8FDC-42A3-9474-1A3956D46DE8}") = "Ordering", "Ordering", "{348C5EDD-FB5D-4D3B-AC13-785D759F190A}"
EndProject
Project("{9A19103F-16F7-4668-BE54-9A1E7A4F7556}") = "Ordering.API", "Services\Ordering\Ordering.API\Ordering.API.csproj", "{075CC8A6-5FCF-427A-B193-E87766256D1D}"
EndProject
Project("{9A19103F-16F7-4668-BE54-9A1E7A4F7556}") = "Ordering.Domain", "Services\Ordering\Ordering.Domain\Ordering.Domain.csproj", "{90A79885-6345-4BAE-9F24-0CF4D296B19E}"
EndProject
Project("{9A19103F-16F7-4668-BE54-9A1E7A4F7556}") = "Ordering.Application", "Services\Ordering\Ordering.Application\Ordering.Application.csproj", "{2085E441-73C6-4251-B3AD-2D2D1652B402}"
EndProject
Project("{FAE04EC0-301F-11D3-BF4B-00C04F79EFBC}") = "Ordering.Infrastructure", "Services\Ordering\Ordering.Infrastructure\Ordering.Infrastructure.csproj", "{F0BC742C-BD42-4380-8C68-2B32050B9C47}"
EndProject
Project("{FAE04EC0-301F-11D3-BF4B-00C04F79EFBC}") = "BuildingBlocks.Messaging", "BuildingBlocks\BuildingBlocks.Messaging\BuildingBlocks.Messaging.csproj", "{37515ED5-1541-4EE9-89AE-BF50919436B7}"
EndProject
Global
	GlobalSection(SolutionConfigurationPlatforms) = preSolution
		Debug|Any CPU = Debug|Any CPU
		Release|Any CPU = Release|Any CPU
	EndGlobalSection
	GlobalSection(ProjectConfigurationPlatforms) = postSolution
		{9D5D23C9-D198-499C-B830-F60105EB5295}.Debug|Any CPU.ActiveCfg = Debug|Any CPU
		{9D5D23C9-D198-499C-B830-F60105EB5295}.Debug|Any CPU.Build.0 = Debug|Any CPU
		{9D5D23C9-D198-499C-B830-F60105EB5295}.Release|Any CPU.ActiveCfg = Release|Any CPU
		{9D5D23C9-D198-499C-B830-F60105EB5295}.Release|Any CPU.Build.0 = Release|Any CPU
		{14B25C50-B325-4C89-B94D-A4BE2C342242}.Debug|Any CPU.ActiveCfg = Debug|Any CPU
		{14B25C50-B325-4C89-B94D-A4BE2C342242}.Debug|Any CPU.Build.0 = Debug|Any CPU
		{14B25C50-B325-4C89-B94D-A4BE2C342242}.Release|Any CPU.ActiveCfg = Release|Any CPU
		{14B25C50-B325-4C89-B94D-A4BE2C342242}.Release|Any CPU.Build.0 = Release|Any CPU
		{81DDED9D-158B-E303-5F62-77A2896D2A5A}.Debug|Any CPU.ActiveCfg = Debug|Any CPU
		{81DDED9D-158B-E303-5F62-77A2896D2A5A}.Debug|Any CPU.Build.0 = Debug|Any CPU
		{81DDED9D-158B-E303-5F62-77A2896D2A5A}.Release|Any CPU.ActiveCfg = Release|Any CPU
		{81DDED9D-158B-E303-5F62-77A2896D2A5A}.Release|Any CPU.Build.0 = Release|Any CPU
		{F8725532-D123-4A00-A9C8-536E6B674299}.Debug|Any CPU.ActiveCfg = Debug|Any CPU
		{F8725532-D123-4A00-A9C8-536E6B674299}.Debug|Any CPU.Build.0 = Debug|Any CPU
		{F8725532-D123-4A00-A9C8-536E6B674299}.Release|Any CPU.ActiveCfg = Release|Any CPU
		{F8725532-D123-4A00-A9C8-536E6B674299}.Release|Any CPU.Build.0 = Release|Any CPU
		{EA142567-CE35-4420-892A-416FA8FC6756}.Debug|Any CPU.ActiveCfg = Debug|Any CPU
		{EA142567-CE35-4420-892A-416FA8FC6756}.Debug|Any CPU.Build.0 = Debug|Any CPU
		{EA142567-CE35-4420-892A-416FA8FC6756}.Release|Any CPU.ActiveCfg = Release|Any CPU
		{EA142567-CE35-4420-892A-416FA8FC6756}.Release|Any CPU.Build.0 = Release|Any CPU
		{075CC8A6-5FCF-427A-B193-E87766256D1D}.Debug|Any CPU.ActiveCfg = Debug|Any CPU
		{075CC8A6-5FCF-427A-B193-E87766256D1D}.Debug|Any CPU.Build.0 = Debug|Any CPU
		{075CC8A6-5FCF-427A-B193-E87766256D1D}.Release|Any CPU.ActiveCfg = Release|Any CPU
		{075CC8A6-5FCF-427A-B193-E87766256D1D}.Release|Any CPU.Build.0 = Release|Any CPU
		{90A79885-6345-4BAE-9F24-0CF4D296B19E}.Debug|Any CPU.ActiveCfg = Debug|Any CPU
		{90A79885-6345-4BAE-9F24-0CF4D296B19E}.Debug|Any CPU.Build.0 = Debug|Any CPU
		{90A79885-6345-4BAE-9F24-0CF4D296B19E}.Release|Any CPU.ActiveCfg = Release|Any CPU
		{90A79885-6345-4BAE-9F24-0CF4D296B19E}.Release|Any CPU.Build.0 = Release|Any CPU
		{2085E441-73C6-4251-B3AD-2D2D1652B402}.Debug|Any CPU.ActiveCfg = Debug|Any CPU
		{2085E441-73C6-4251-B3AD-2D2D1652B402}.Debug|Any CPU.Build.0 = Debug|Any CPU
		{2085E441-73C6-4251-B3AD-2D2D1652B402}.Release|Any CPU.ActiveCfg = Release|Any CPU
		{2085E441-73C6-4251-B3AD-2D2D1652B402}.Release|Any CPU.Build.0 = Release|Any CPU
		{F0BC742C-BD42-4380-8C68-2B32050B9C47}.Debug|Any CPU.ActiveCfg = Debug|Any CPU
		{F0BC742C-BD42-4380-8C68-2B32050B9C47}.Debug|Any CPU.Build.0 = Debug|Any CPU
		{F0BC742C-BD42-4380-8C68-2B32050B9C47}.Release|Any CPU.ActiveCfg = Release|Any CPU
		{F0BC742C-BD42-4380-8C68-2B32050B9C47}.Release|Any CPU.Build.0 = Release|Any CPU
		{37515ED5-1541-4EE9-89AE-BF50919436B7}.Debug|Any CPU.ActiveCfg = Debug|Any CPU
		{37515ED5-1541-4EE9-89AE-BF50919436B7}.Debug|Any CPU.Build.0 = Debug|Any CPU
		{37515ED5-1541-4EE9-89AE-BF50919436B7}.Release|Any CPU.ActiveCfg = Release|Any CPU
		{37515ED5-1541-4EE9-89AE-BF50919436B7}.Release|Any CPU.Build.0 = Release|Any CPU
	EndGlobalSection
	GlobalSection(SolutionProperties) = preSolution
		HideSolutionNode = FALSE
	EndGlobalSection
	GlobalSection(NestedProjects) = preSolution
		{E99369E9-FB23-4B86-940C-1DF373FEB701} = {02EA681E-C7D8-13C7-8484-4AC65E1B71E8}
		{9D5D23C9-D198-499C-B830-F60105EB5295} = {E99369E9-FB23-4B86-940C-1DF373FEB701}
		{14B25C50-B325-4C89-B94D-A4BE2C342242} = {AEE52B15-9605-4491-966D-13A6C248FBF4}
		{8396F8F0-A1D1-450D-962A-E670239C90B7} = {02EA681E-C7D8-13C7-8484-4AC65E1B71E8}
		{F8725532-D123-4A00-A9C8-536E6B674299} = {8396F8F0-A1D1-450D-962A-E670239C90B7}
		{83F493E9-118F-488E-9C07-F62E495EF56B} = {02EA681E-C7D8-13C7-8484-4AC65E1B71E8}
		{EA142567-CE35-4420-892A-416FA8FC6756} = {83F493E9-118F-488E-9C07-F62E495EF56B}
		{348C5EDD-FB5D-4D3B-AC13-785D759F190A} = {02EA681E-C7D8-13C7-8484-4AC65E1B71E8}
		{075CC8A6-5FCF-427A-B193-E87766256D1D} = {348C5EDD-FB5D-4D3B-AC13-785D759F190A}
		{90A79885-6345-4BAE-9F24-0CF4D296B19E} = {348C5EDD-FB5D-4D3B-AC13-785D759F190A}
		{2085E441-73C6-4251-B3AD-2D2D1652B402} = {348C5EDD-FB5D-4D3B-AC13-785D759F190A}
		{F0BC742C-BD42-4380-8C68-2B32050B9C47} = {348C5EDD-FB5D-4D3B-AC13-785D759F190A}
		{37515ED5-1541-4EE9-89AE-BF50919436B7} = {AEE52B15-9605-4491-966D-13A6C248FBF4}
	EndGlobalSection
	GlobalSection(ExtensibilityGlobals) = postSolution
		SolutionGuid = {839754EE-E569-4C2F-94D6-6B93D362BA31}
	EndGlobalSection
EndGlobal
